# This file is autogenerated, do not edit; changes may be undone by the next 'dep ensure'.


[[projects]]
  digest = "1:2cd7915ab26ede7d95b8749e6b1f933f1c6d5398030684e6505940a10f31cfda"
  name = "github.com/ghodss/yaml"
  packages = ["."]
  pruneopts = "UT"
  revision = "0ca9ea5df5451ffdf184b4428c902747c2c11cd7"
  version = "v1.0.0"

[[projects]]
  digest = "1:46ac2ef51e55915049c84595ad6451ef86186696a96947946d5918ca9f3169a6"
  name = "github.com/google/gopacket"
  packages = [
    ".",
    "layers",
  ]
  pruneopts = "UT"
  revision = "6d3e2615da4ed2ed2a349918fe74e7e6d03482fa"
  version = "v1.1.17"

[[projects]]
  digest = "1:cbec35fe4d5a4fba369a656a8cd65e244ea2c743007d8f6c1ccb132acf9d1296"
  name = "github.com/gorilla/mux"
  packages = ["."]
  pruneopts = "UT"
  revision = "00bdffe0f3c77e27d2cf6f5c70232a2d3e4d9c15"
  version = "v1.7.3"

[[projects]]
  branch = "master"
  digest = "1:071c4de288b7fc57908eb623e6a7adb6e128ebff0a92dfa77c394619294c3a55"
  name = "github.com/insomniacslk/dhcp"
  packages = [
    "dhcpv6",
    "dhcpv6/server6",
    "iana",
    "rfc1035label",
  ]
  pruneopts = "UT"
  revision = "393ae75a101b4e8d93f82dd7242401dd50ac0868"

[[projects]]
  digest = "1:66def2f80d5127123c81ffa876242c12d3b7b06188f6645d79b3cc4acba637b3"
  name = "github.com/miekg/dns"
  packages = ["."]
  pruneopts = "UT"
  revision = "b13675009d59c97f3721247d9efa8914e1866a5b"
  version = "v1.1.15"

[[projects]]
  branch = "master"
  digest = "1:2e116fe7ab5c956a6e34dae91d81cfe6d9adbcb7d10eefa7a58186bce9471049"
  name = "github.com/songgao/water"
  packages = ["."]
  pruneopts = "UT"
  revision = "fd331bda3f4bbc9aad07ccd4bd2abaa1e363a852"

[[projects]]
  digest = "1:919bb3aa6d9d0b67648c219fa4925312bc3c2872da19e818fa769e9c97a2b643"
  name = "github.com/spaolacci/murmur3"
  packages = ["."]
  pruneopts = "UT"
  revision = "9f5d223c60793748f04a9d5b4b4eacddfc1f755d"
  version = "v1.1"

[[projects]]
  digest = "1:57e2d33a793e5841f1e069f2cbb642a06e421b17edae7ee7c27cb2df861295be"
  name = "github.com/u-root/u-root"
  packages = [
    "pkg/rand",
    "pkg/ubinary",
    "pkg/uio",
  ]
  pruneopts = "UT"
  revision = "26a90287872f42e357dc889f6918855fc0fde4dc"
  version = "v6.0.0"

[[projects]]
  branch = "master"
  digest = "1:cd7e85fc3687e062714febdee3e8efeb00a413a2a620d28908fd0258261d2353"
  name = "golang.org/x/crypto"
  packages = [
    "ed25519",
    "ed25519/internal/edwards25519",
  ]
  pruneopts = "UT"
  revision = "4def268fd1a49955bfb3dda92fe3db4f924f2285"

[[projects]]
  branch = "master"
  digest = "1:caffb9a4f8c756941de4b3eb577abd167e7fd4b570f2078c05ceb8835a1514cb"
  name = "golang.org/x/net"
  packages = [
    "bpf",
    "icmp",
    "internal/iana",
    "internal/socket",
    "ipv4",
    "ipv6",
  ]
  pruneopts = "UT"
  revision = "ca1201d0de80cfde86cb01aea620983605dfe99b"

[[projects]]
  branch = "master"
  digest = "1:410f67c5adec0e5ddef17149b844a582fa5928409c9c11ca33b607aad65b6dc2"
  name = "golang.org/x/sys"
  packages = [
    "unix",
    "windows",
    "windows/registry",
  ]
  pruneopts = "UT"
  revision = "51ab0e2deafac1f46c46ad59cf0921be2f180c3d"

[[projects]]
  digest = "1:4d2e5a73dc1500038e504a8d78b986630e3626dc027bc030ba5c75da257cdb96"
  name = "gopkg.in/yaml.v2"
  packages = ["."]
  pruneopts = "UT"
  revision = "51d6538a90f86fe93ac480b35f37b2be17fef232"
  version = "v2.2.2"

[solve-meta]
  analyzer-name = "dep"
  analyzer-version = 1
  input-imports = [
    "github.com/ghodss/yaml",
    "github.com/google/gopacket",
    "github.com/google/gopacket/layers",
    "github.com/gorilla/mux",
    "github.com/insomniacslk/dhcp/dhcpv6",
    "github.com/insomniacslk/dhcp/dhcpv6/server6",
    "github.com/miekg/dns",
    "github.com/songgao/water",
    "github.com/spaolacci/murmur3",
    "golang.org/x/net/icmp",
    "golang.org/x/net/ipv6",
  ]
  solver-name = "gps-cdcl"
  solver-version = 1
